
Microsoft Visual Studio Solution File, Format Version 12.00
# Visual Studio Version 16
VisualStudioVersion = 16.0.31409.214
MinimumVisualStudioVersion = 10.0.40219.1
Project("{FAE04EC0-301F-11D3-BF4B-00C04F79EFBC}") = "PALMCalculator", "PALMCalculator.csproj", "{71A5FCC1-5E8C-4682-8441-8C596D1BC5EC}"
EndProject
Global
	GlobalSection(SolutionConfigurationPlatforms) = preSolution
		Debug|Any CPU = Debug|Any CPU
		Release|Any CPU = Release|Any CPU
	EndGlobalSection
	GlobalSection(ProjectConfigurationPlatforms) = postSolution
		{71A5FCC1-5E8C-4682-8441-8C596D1BC5EC}.Debug|Any CPU.ActiveCfg = Debug|Any CPU
		{71A5FCC1-5E8C-4682-8441-8C596D1BC5EC}.Debug|Any CPU.Build.0 = Debug|Any CPU
		{71A5FCC1-5E8C-4682-8441-8C596D1BC5EC}.Release|Any CPU.ActiveCfg = Release|Any CPU
		{71A5FCC1-5E8C-4682-8441-8C596D1BC5EC}.Release|Any CPU.Build.0 = Release|Any CPU
	EndGlobalSection
	GlobalSection(SolutionProperties) = preSolution
		HideSolutionNode = FALSE
	EndGlobalSection
	GlobalSection(ExtensibilityGlobals) = postSolution
		SolutionGuid = {E4C25CB4-F78D-4575-8DC5-23427D38E4B4}
	EndGlobalSection
EndGlobal
